Microsoft Visual Studio Solution File, Format Version 12.00
# Visual Studio Version 17
VisualStudioVersion = 17.5.2.0
MinimumVisualStudioVersion = 10.0.40219.1
Project("{FAE04EC0-301F-11D3-BF4B-00C04F79EFBC}") = "DemoCreateRepo", "DemoCreateRepo.csproj", "{35EE79AF-23B7-817B-4DCF-C582C57028C8}"
EndProject
Global
	GlobalSection(SolutionConfigurationPlatforms) = preSolution
		Debug|Any CPU = Debug|Any CPU
		Release|Any CPU = Release|Any CPU
	EndGlobalSection
	GlobalSection(ProjectConfigurationPlatforms) = postSolution
		{35EE79AF-23B7-817B-4DCF-C582C57028C8}.Debug|Any CPU.ActiveCfg = Debug|Any CPU
		{35EE79AF-23B7-817B-4DCF-C582C57028C8}.Debug|Any CPU.Build.0 = Debug|Any CPU
		{35EE79AF-23B7-817B-4DCF-C582C57028C8}.Release|Any CPU.ActiveCfg = Release|Any CPU
		{35EE79AF-23B7-817B-4DCF-C582C57028C8}.Release|Any CPU.Build.0 = Release|Any CPU
	EndGlobalSection
	GlobalSection(SolutionProperties) = preSolution
		HideSolutionNode = FALSE
	EndGlobalSection
	GlobalSection(ExtensibilityGlobals) = postSolution
		SolutionGuid = {1AFAA643-FEF0-4C4D-AEDC-6A7D249BF26D}
	EndGlobalSection
EndGlobal
